
Microsoft Visual Studio Solution File, Format Version 12.00
# Visual Studio Version 17
VisualStudioVersion = 17.5.33516.290
MinimumVisualStudioVersion = 10.0.40219.1
Project("{54A90642-561A-4BB1-A94E-469ADEE60C69}") = "AngularProject1", "AngularProject1\AngularProject1.esproj", "{DDA1263B-685A-4DD1-8DBB-A56C4E20A868}"
EndProject
Global
	GlobalSection(SolutionConfigurationPlatforms) = preSolution
		Debug|Any CPU = Debug|Any CPU
		Release|Any CPU = Release|Any CPU
	EndGlobalSection
	GlobalSection(ProjectConfigurationPlatforms) = postSolution
		{DDA1263B-685A-4DD1-8DBB-A56C4E20A868}.Debug|Any CPU.ActiveCfg = Debug|Any CPU
		{DDA1263B-685A-4DD1-8DBB-A56C4E20A868}.Debug|Any CPU.Build.0 = Debug|Any CPU
		{DDA1263B-685A-4DD1-8DBB-A56C4E20A868}.Debug|Any CPU.Deploy.0 = Debug|Any CPU
		{DDA1263B-685A-4DD1-8DBB-A56C4E20A868}.Release|Any CPU.ActiveCfg = Release|Any CPU
		{DDA1263B-685A-4DD1-8DBB-A56C4E20A868}.Release|Any CPU.Build.0 = Release|Any CPU
		{DDA1263B-685A-4DD1-8DBB-A56C4E20A868}.Release|Any CPU.Deploy.0 = Release|Any CPU
	EndGlobalSection
	GlobalSection(SolutionProperties) = preSolution
		HideSolutionNode = FALSE
	EndGlobalSection
	GlobalSection(ExtensibilityGlobals) = postSolution
		SolutionGuid = {ECE9EE37-E177-4141-B072-4B9F11D36D8B}
	EndGlobalSection
EndGlobal
